
Microsoft Visual Studio Solution File, Format Version 12.00
# Visual Studio Version 16
VisualStudioVersion = 16.0.29519.87
MinimumVisualStudioVersion = 10.0.40219.1
Project("{FAE04EC0-301F-11D3-BF4B-00C04F79EFBC}") = "Car-garage", "Car-garage\Car-garage.csproj", "{ABA245B4-E948-493D-AB18-E8EAEF50BFBC}"
EndProject
Global
	GlobalSection(SolutionConfigurationPlatforms) = preSolution
		Debug|Any CPU = Debug|Any CPU
		Release|Any CPU = Release|Any CPU
	EndGlobalSection
	GlobalSection(ProjectConfigurationPlatforms) = postSolution
		{ABA245B4-E948-493D-AB18-E8EAEF50BFBC}.Debug|Any CPU.ActiveCfg = Debug|Any CPU
		{ABA245B4-E948-493D-AB18-E8EAEF50BFBC}.Debug|Any CPU.Build.0 = Debug|Any CPU
		{ABA245B4-E948-493D-AB18-E8EAEF50BFBC}.Release|Any CPU.ActiveCfg = Release|Any CPU
		{ABA245B4-E948-493D-AB18-E8EAEF50BFBC}.Release|Any CPU.Build.0 = Release|Any CPU
	EndGlobalSection
	GlobalSection(SolutionProperties) = preSolution
		HideSolutionNode = FALSE
	EndGlobalSection
	GlobalSection(ExtensibilityGlobals) = postSolution
		SolutionGuid = {E7CA8091-3C38-48D6-A531-652DB0FBBBB3}
	EndGlobalSection
EndGlobal
